
Microsoft Visual Studio Solution File, Format Version 12.00
# Visual Studio 15
VisualStudioVersion = 15.0.26124.0
MinimumVisualStudioVersion = 15.0.26124.0
Project("{FAE04EC0-301F-11D3-BF4B-00C04F79EFBC}") = "PointOfSale.Domain", "Domain\PointOfSale.Domain.csproj", "{0E686554-4759-4BCA-9846-34A162586C82}"
EndProject
Project("{2150E333-8FDC-42A3-9474-1A3956D46DE8}") = "Implementations", "Implementations", "{E47AB961-861C-4C90-A2CF-1A47F5525D6F}"
EndProject
Project("{FAE04EC0-301F-11D3-BF4B-00C04F79EFBC}") = "PointOfSale.Implementations.Basic", "Implementations\Basic\PointOfSale.Implementations.Basic.csproj", "{FD9AF209-FD1F-4F5D-84BA-C810062C5798}"
EndProject
Project("{2150E333-8FDC-42A3-9474-1A3956D46DE8}") = "Infrastructure", "Infrastructure", "{5E0E02B9-8679-4784-B26A-9CBC98F2D222}"
EndProject
Project("{FAE04EC0-301F-11D3-BF4B-00C04F79EFBC}") = "PointOfSale.Infrastructure.InMemory", "Infrastructure\InMemory\PointOfSale.Infrastructure.InMemory.csproj", "{541D9334-FB40-40A7-9FC2-179586328153}"
EndProject
Project("{FAE04EC0-301F-11D3-BF4B-00C04F79EFBC}") = "PointOfSale.Services", "Services\PointOfSale.Services.csproj", "{4705F516-A6D6-416E-82B3-87C8CFC6A386}"
EndProject
Project("{2150E333-8FDC-42A3-9474-1A3956D46DE8}") = "Test", "Test", "{5BAD3BC1-F4A7-4CC0-BADE-77A9A8FAD943}"
EndProject
Project("{FAE04EC0-301F-11D3-BF4B-00C04F79EFBC}") = "PointOfSale.Test.Domain", "Test\Domain\PointOfSale.Test.Domain.csproj", "{15964F67-C608-4E70-BC00-A6E9E7B47D2C}"
EndProject
Project("{2150E333-8FDC-42A3-9474-1A3956D46DE8}") = "Implementations", "Implementations", "{623C69E8-F379-42C6-9A75-B8A28AF081AD}"
EndProject
Project("{FAE04EC0-301F-11D3-BF4B-00C04F79EFBC}") = "PointOfSale.Test.Implementations.Basic", "Test\Implementations\Basic\PointOfSale.Test.Implementations.Basic.csproj", "{B5460C03-1AC7-481B-91AA-5AEB201B83A8}"
EndProject
Project("{2150E333-8FDC-42A3-9474-1A3956D46DE8}") = "Infrastructure", "Infrastructure", "{68CE8995-16DE-4DCE-A1AA-234DE5CDD802}"
EndProject
Project("{FAE04EC0-301F-11D3-BF4B-00C04F79EFBC}") = "PointOfSale.Test.Infrastructure.InMemory", "Test\Infrastructure\InMemory\PointOfSale.Test.Infrastructure.InMemory.csproj", "{6F0CB0A6-75B2-4C64-96B4-0F9B35AA2057}"
EndProject
Project("{FAE04EC0-301F-11D3-BF4B-00C04F79EFBC}") = "PointOfSale.Test.Services", "Test\Services\PointOfSale.Test.Services.csproj", "{6D6F1790-4B34-4FE1-AD1B-AF72B20D7146}"
EndProject
Project("{FAE04EC0-301F-11D3-BF4B-00C04F79EFBC}") = "PointOfSale.Test.WebApi", "Test\WebApi\PointOfSale.Test.WebApi.csproj", "{F935BCDB-FE63-453D-9217-8954969EFCC1}"
EndProject
Global
	GlobalSection(SolutionConfigurationPlatforms) = preSolution
		Debug|Any CPU = Debug|Any CPU
		Debug|x64 = Debug|x64
		Debug|x86 = Debug|x86
		Release|Any CPU = Release|Any CPU
		Release|x64 = Release|x64
		Release|x86 = Release|x86
	EndGlobalSection
	GlobalSection(SolutionProperties) = preSolution
		HideSolutionNode = FALSE
	EndGlobalSection
	GlobalSection(ProjectConfigurationPlatforms) = postSolution
		{0E686554-4759-4BCA-9846-34A162586C82}.Debug|Any CPU.ActiveCfg = Debug|Any CPU
		{0E686554-4759-4BCA-9846-34A162586C82}.Debug|Any CPU.Build.0 = Debug|Any CPU
		{0E686554-4759-4BCA-9846-34A162586C82}.Debug|x64.ActiveCfg = Debug|Any CPU
		{0E686554-4759-4BCA-9846-34A162586C82}.Debug|x64.Build.0 = Debug|Any CPU
		{0E686554-4759-4BCA-9846-34A162586C82}.Debug|x86.ActiveCfg = Debug|Any CPU
		{0E686554-4759-4BCA-9846-34A162586C82}.Debug|x86.Build.0 = Debug|Any CPU
		{0E686554-4759-4BCA-9846-34A162586C82}.Release|Any CPU.ActiveCfg = Release|Any CPU
		{0E686554-4759-4BCA-9846-34A162586C82}.Release|Any CPU.Build.0 = Release|Any CPU
		{0E686554-4759-4BCA-9846-34A162586C82}.Release|x64.ActiveCfg = Release|Any CPU
		{0E686554-4759-4BCA-9846-34A162586C82}.Release|x64.Build.0 = Release|Any CPU
		{0E686554-4759-4BCA-9846-34A162586C82}.Release|x86.ActiveCfg = Release|Any CPU
		{0E686554-4759-4BCA-9846-34A162586C82}.Release|x86.Build.0 = Release|Any CPU
		{FD9AF209-FD1F-4F5D-84BA-C810062C5798}.Debug|Any CPU.ActiveCfg = Debug|Any CPU
		{FD9AF209-FD1F-4F5D-84BA-C810062C5798}.Debug|Any CPU.Build.0 = Debug|Any CPU
		{FD9AF209-FD1F-4F5D-84BA-C810062C5798}.Debug|x64.ActiveCfg = Debug|Any CPU
		{FD9AF209-FD1F-4F5D-84BA-C810062C5798}.Debug|x64.Build.0 = Debug|Any CPU
		{FD9AF209-FD1F-4F5D-84BA-C810062C5798}.Debug|x86.ActiveCfg = Debug|Any CPU
		{FD9AF209-FD1F-4F5D-84BA-C810062C5798}.Debug|x86.Build.0 = Debug|Any CPU
		{FD9AF209-FD1F-4F5D-84BA-C810062C5798}.Release|Any CPU.ActiveCfg = Release|Any CPU
		{FD9AF209-FD1F-4F5D-84BA-C810062C5798}.Release|Any CPU.Build.0 = Release|Any CPU
		{FD9AF209-FD1F-4F5D-84BA-C810062C5798}.Release|x64.ActiveCfg = Release|Any CPU
		{FD9AF209-FD1F-4F5D-84BA-C810062C5798}.Release|x64.Build.0 = Release|Any CPU
		{FD9AF209-FD1F-4F5D-84BA-C810062C5798}.Release|x86.ActiveCfg = Release|Any CPU
		{FD9AF209-FD1F-4F5D-84BA-C810062C5798}.Release|x86.Build.0 = Release|Any CPU
		{541D9334-FB40-40A7-9FC2-179586328153}.Debug|Any CPU.ActiveCfg = Debug|Any CPU
		{541D9334-FB40-40A7-9FC2-179586328153}.Debug|Any CPU.Build.0 = Debug|Any CPU
		{541D9334-FB40-40A7-9FC2-179586328153}.Debug|x64.ActiveCfg = Debug|Any CPU
		{541D9334-FB40-40A7-9FC2-179586328153}.Debug|x64.Build.0 = Debug|Any CPU
		{541D9334-FB40-40A7-9FC2-179586328153}.Debug|x86.ActiveCfg = Debug|Any CPU
		{541D9334-FB40-40A7-9FC2-179586328153}.Debug|x86.Build.0 = Debug|Any CPU
		{541D9334-FB40-40A7-9FC2-179586328153}.Release|Any CPU.ActiveCfg = Release|Any CPU
		{541D9334-FB40-40A7-9FC2-179586328153}.Release|Any CPU.Build.0 = Release|Any CPU
		{541D9334-FB40-40A7-9FC2-179586328153}.Release|x64.ActiveCfg = Release|Any CPU
		{541D9334-FB40-40A7-9FC2-179586328153}.Release|x64.Build.0 = Release|Any CPU
		{541D9334-FB40-40A7-9FC2-179586328153}.Release|x86.ActiveCfg = Release|Any CPU
		{541D9334-FB40-40A7-9FC2-179586328153}.Release|x86.Build.0 = Release|Any CPU
		{4705F516-A6D6-416E-82B3-87C8CFC6A386}.Debug|Any CPU.ActiveCfg = Debug|Any CPU
		{4705F516-A6D6-416E-82B3-87C8CFC6A386}.Debug|Any CPU.Build.0 = Debug|Any CPU
		{4705F516-A6D6-416E-82B3-87C8CFC6A386}.Debug|x64.ActiveCfg = Debug|Any CPU
		{4705F516-A6D6-416E-82B3-87C8CFC6A386}.Debug|x64.Build.0 = Debug|Any CPU
		{4705F516-A6D6-416E-82B3-87C8CFC6A386}.Debug|x86.ActiveCfg = Debug|Any CPU
		{4705F516-A6D6-416E-82B3-87C8CFC6A386}.Debug|x86.Build.0 = Debug|Any CPU
		{4705F516-A6D6-416E-82B3-87C8CFC6A386}.Release|Any CPU.ActiveCfg = Release|Any CPU
		{4705F516-A6D6-416E-82B3-87C8CFC6A386}.Release|Any CPU.Build.0 = Release|Any CPU
		{4705F516-A6D6-416E-82B3-87C8CFC6A386}.Release|x64.ActiveCfg = Release|Any CPU
		{4705F516-A6D6-416E-82B3-87C8CFC6A386}.Release|x64.Build.0 = Release|Any CPU
		{4705F516-A6D6-416E-82B3-87C8CFC6A386}.Release|x86.ActiveCfg = Release|Any CPU
		{4705F516-A6D6-416E-82B3-87C8CFC6A386}.Release|x86.Build.0 = Release|Any CPU
		{15964F67-C608-4E70-BC00-A6E9E7B47D2C}.Debug|Any CPU.ActiveCfg = Debug|Any CPU
		{15964F67-C608-4E70-BC00-A6E9E7B47D2C}.Debug|Any CPU.Build.0 = Debug|Any CPU
		{15964F67-C608-4E70-BC00-A6E9E7B47D2C}.Debug|x64.ActiveCfg = Debug|Any CPU
		{15964F67-C608-4E70-BC00-A6E9E7B47D2C}.Debug|x64.Build.0 = Debug|Any CPU
		{15964F67-C608-4E70-BC00-A6E9E7B47D2C}.Debug|x86.ActiveCfg = Debug|Any CPU
		{15964F67-C608-4E70-BC00-A6E9E7B47D2C}.Debug|x86.Build.0 = Debug|Any CPU
		{15964F67-C608-4E70-BC00-A6E9E7B47D2C}.Release|Any CPU.ActiveCfg = Release|Any CPU
		{15964F67-C608-4E70-BC00-A6E9E7B47D2C}.Release|Any CPU.Build.0 = Release|Any CPU
		{15964F67-C608-4E70-BC00-A6E9E7B47D2C}.Release|x64.ActiveCfg = Release|Any CPU
		{15964F67-C608-4E70-BC00-A6E9E7B47D2C}.Release|x64.Build.0 = Release|Any CPU
		{15964F67-C608-4E70-BC00-A6E9E7B47D2C}.Release|x86.ActiveCfg = Release|Any CPU
		{15964F67-C608-4E70-BC00-A6E9E7B47D2C}.Release|x86.Build.0 = Release|Any CPU
		{B5460C03-1AC7-481B-91AA-5AEB201B83A8}.Debug|Any CPU.ActiveCfg = Debug|Any CPU
		{B5460C03-1AC7-481B-91AA-5AEB201B83A8}.Debug|Any CPU.Build.0 = Debug|Any CPU
		{B5460C03-1AC7-481B-91AA-5AEB201B83A8}.Debug|x64.ActiveCfg = Debug|Any CPU
		{B5460C03-1AC7-481B-91AA-5AEB201B83A8}.Debug|x64.Build.0 = Debug|Any CPU
		{B5460C03-1AC7-481B-91AA-5AEB201B83A8}.Debug|x86.ActiveCfg = Debug|Any CPU
		{B5460C03-1AC7-481B-91AA-5AEB201B83A8}.Debug|x86.Build.0 = Debug|Any CPU
		{B5460C03-1AC7-481B-91AA-5AEB201B83A8}.Release|Any CPU.ActiveCfg = Release|Any CPU
		{B5460C03-1AC7-481B-91AA-5AEB201B83A8}.Release|Any CPU.Build.0 = Release|Any CPU
		{B5460C03-1AC7-481B-91AA-5AEB201B83A8}.Release|x64.ActiveCfg = Release|Any CPU
		{B5460C03-1AC7-481B-91AA-5AEB201B83A8}.Release|x64.Build.0 = Release|Any CPU
		{B5460C03-1AC7-481B-91AA-5AEB201B83A8}.Release|x86.ActiveCfg = Release|Any CPU
		{B5460C03-1AC7-481B-91AA-5AEB201B83A8}.Release|x86.Build.0 = Release|Any CPU
		{6F0CB0A6-75B2-4C64-96B4-0F9B35AA2057}.Debug|Any CPU.ActiveCfg = Debug|Any CPU
		{6F0CB0A6-75B2-4C64-96B4-0F9B35AA2057}.Debug|Any CPU.Build.0 = Debug|Any CPU
		{6F0CB0A6-75B2-4C64-96B4-0F9B35AA2057}.Debug|x64.ActiveCfg = Debug|Any CPU
		{6F0CB0A6-75B2-4C64-96B4-0F9B35AA2057}.Debug|x64.Build.0 = Debug|Any CPU
		{6F0CB0A6-75B2-4C64-96B4-0F9B35AA2057}.Debug|x86.ActiveCfg = Debug|Any CPU
		{6F0CB0A6-75B2-4C64-96B4-0F9B35AA2057}.Debug|x86.Build.0 = Debug|Any CPU
		{6F0CB0A6-75B2-4C64-96B4-0F9B35AA2057}.Release|Any CPU.ActiveCfg = Release|Any CPU
		{6F0CB0A6-75B2-4C64-96B4-0F9B35AA2057}.Release|Any CPU.Build.0 = Release|Any CPU
		{6F0CB0A6-75B2-4C64-96B4-0F9B35AA2057}.Release|x64.ActiveCfg = Release|Any CPU
		{6F0CB0A6-75B2-4C64-96B4-0F9B35AA2057}.Release|x64.Build.0 = Release|Any CPU
		{6F0CB0A6-75B2-4C64-96B4-0F9B35AA2057}.Release|x86.ActiveCfg = Release|Any CPU
		{6F0CB0A6-75B2-4C64-96B4-0F9B35AA2057}.Release|x86.Build.0 = Release|Any CPU
		{6D6F1790-4B34-4FE1-AD1B-AF72B20D7146}.Debug|Any CPU.ActiveCfg = Debug|Any CPU
		{6D6F1790-4B34-4FE1-AD1B-AF72B20D7146}.Debug|Any CPU.Build.0 = Debug|Any CPU
		{6D6F1790-4B34-4FE1-AD1B-AF72B20D7146}.Debug|x64.ActiveCfg = Debug|Any CPU
		{6D6F1790-4B34-4FE1-AD1B-AF72B20D7146}.Debug|x64.Build.0 = Debug|Any CPU
		{6D6F1790-4B34-4FE1-AD1B-AF72B20D7146}.Debug|x86.ActiveCfg = Debug|Any CPU
		{6D6F1790-4B34-4FE1-AD1B-AF72B20D7146}.Debug|x86.Build.0 = Debug|Any CPU
		{6D6F1790-4B34-4FE1-AD1B-AF72B20D7146}.Release|Any CPU.ActiveCfg = Release|Any CPU
		{6D6F1790-4B34-4FE1-AD1B-AF72B20D7146}.Release|Any CPU.Build.0 = Release|Any CPU
		{6D6F1790-4B34-4FE1-AD1B-AF72B20D7146}.Release|x64.ActiveCfg = Release|Any CPU
		{6D6F1790-4B34-4FE1-AD1B-AF72B20D7146}.Release|x64.Build.0 = Release|Any CPU
		{6D6F1790-4B34-4FE1-AD1B-AF72B20D7146}.Release|x86.ActiveCfg = Release|Any CPU
		{6D6F1790-4B34-4FE1-AD1B-AF72B20D7146}.Release|x86.Build.0 = Release|Any CPU
		{F935BCDB-FE63-453D-9217-8954969EFCC1}.Debug|Any CPU.ActiveCfg = Debug|Any CPU
		{F935BCDB-FE63-453D-9217-8954969EFCC1}.Debug|Any CPU.Build.0 = Debug|Any CPU
		{F935BCDB-FE63-453D-9217-8954969EFCC1}.Debug|x64.ActiveCfg = Debug|Any CPU
		{F935BCDB-FE63-453D-9217-8954969EFCC1}.Debug|x64.Build.0 = Debug|Any CPU
		{F935BCDB-FE63-453D-9217-8954969EFCC1}.Debug|x86.ActiveCfg = Debug|Any CPU
		{F935BCDB-FE63-453D-9217-8954969EFCC1}.Debug|x86.Build.0 = Debug|Any CPU
		{F935BCDB-FE63-453D-9217-8954969EFCC1}.Release|Any CPU.ActiveCfg = Release|Any CPU
		{F935BCDB-FE63-453D-9217-8954969EFCC1}.Release|Any CPU.Build.0 = Release|Any CPU
		{F935BCDB-FE63-453D-9217-8954969EFCC1}.Release|x64.ActiveCfg = Release|Any CPU
		{F935BCDB-FE63-453D-9217-8954969EFCC1}.Release|x64.Build.0 = Release|Any CPU
		{F935BCDB-FE63-453D-9217-8954969EFCC1}.Release|x86.ActiveCfg = Release|Any CPU
		{F935BCDB-FE63-453D-9217-8954969EFCC1}.Release|x86.Build.0 = Release|Any CPU
	EndGlobalSection
	GlobalSection(NestedProjects) = preSolution
		{FD9AF209-FD1F-4F5D-84BA-C810062C5798} = {E47AB961-861C-4C90-A2CF-1A47F5525D6F}
		{541D9334-FB40-40A7-9FC2-179586328153} = {5E0E02B9-8679-4784-B26A-9CBC98F2D222}
		{15964F67-C608-4E70-BC00-A6E9E7B47D2C} = {5BAD3BC1-F4A7-4CC0-BADE-77A9A8FAD943}
		{623C69E8-F379-42C6-9A75-B8A28AF081AD} = {5BAD3BC1-F4A7-4CC0-BADE-77A9A8FAD943}
		{B5460C03-1AC7-481B-91AA-5AEB201B83A8} = {623C69E8-F379-42C6-9A75-B8A28AF081AD}
		{68CE8995-16DE-4DCE-A1AA-234DE5CDD802} = {5BAD3BC1-F4A7-4CC0-BADE-77A9A8FAD943}
		{6F0CB0A6-75B2-4C64-96B4-0F9B35AA2057} = {68CE8995-16DE-4DCE-A1AA-234DE5CDD802}
		{6D6F1790-4B34-4FE1-AD1B-AF72B20D7146} = {5BAD3BC1-F4A7-4CC0-BADE-77A9A8FAD943}
		{F935BCDB-FE63-453D-9217-8954969EFCC1} = {5BAD3BC1-F4A7-4CC0-BADE-77A9A8FAD943}
	EndGlobalSection
EndGlobal
